
Microsoft Visual Studio Solution File, Format Version 12.00
# Visual Studio Version 17
VisualStudioVersion = 17.14.36414.22 d17.14
MinimumVisualStudioVersion = 10.0.40219.1
Project("{FAE04EC0-301F-11D3-BF4B-00C04F79EFBC}") = "BadTrip.API", "BadTrip.API\BadTrip.API.csproj", "{7BDDEA69-D8A6-4954-9E45-173890F91026}"
EndProject
Project("{FAE04EC0-301F-11D3-BF4B-00C04F79EFBC}") = "BadTrip.Infrastructure", "BadTrip.Infrastructure\BadTrip.Infrastructure.csproj", "{F45CB387-CFB9-404E-A08D-E11139C6C975}"
EndProject
Project("{FAE04EC0-301F-11D3-BF4B-00C04F79EFBC}") = "BadTrip.Application", "BadTrip.Application\BadTrip.Application.csproj", "{FE75A6F4-F77D-44A2-A3F5-63626C2589BE}"
EndProject
Project("{FAE04EC0-301F-11D3-BF4B-00C04F79EFBC}") = "BadTrip.Domain", "BadTrip.Domain\BadTrip.Domain.csproj", "{6793876B-9E64-4817-B84A-1E0A5A8424D1}"
EndProject
Global
	GlobalSection(SolutionConfigurationPlatforms) = preSolution
		Debug|Any CPU = Debug|Any CPU
		Release|Any CPU = Release|Any CPU
	EndGlobalSection
	GlobalSection(ProjectConfigurationPlatforms) = postSolution
		{7BDDEA69-D8A6-4954-9E45-173890F91026}.Debug|Any CPU.ActiveCfg = Debug|Any CPU
		{7BDDEA69-D8A6-4954-9E45-173890F91026}.Debug|Any CPU.Build.0 = Debug|Any CPU
		{7BDDEA69-D8A6-4954-9E45-173890F91026}.Release|Any CPU.ActiveCfg = Release|Any CPU
		{7BDDEA69-D8A6-4954-9E45-173890F91026}.Release|Any CPU.Build.0 = Release|Any CPU
		{F45CB387-CFB9-404E-A08D-E11139C6C975}.Debug|Any CPU.ActiveCfg = Debug|Any CPU
		{F45CB387-CFB9-404E-A08D-E11139C6C975}.Debug|Any CPU.Build.0 = Debug|Any CPU
		{F45CB387-CFB9-404E-A08D-E11139C6C975}.Release|Any CPU.ActiveCfg = Release|Any CPU
		{F45CB387-CFB9-404E-A08D-E11139C6C975}.Release|Any CPU.Build.0 = Release|Any CPU
		{FE75A6F4-F77D-44A2-A3F5-63626C2589BE}.Debug|Any CPU.ActiveCfg = Debug|Any CPU
		{FE75A6F4-F77D-44A2-A3F5-63626C2589BE}.Debug|Any CPU.Build.0 = Debug|Any CPU
		{FE75A6F4-F77D-44A2-A3F5-63626C2589BE}.Release|Any CPU.ActiveCfg = Release|Any CPU
		{FE75A6F4-F77D-44A2-A3F5-63626C2589BE}.Release|Any CPU.Build.0 = Release|Any CPU
		{6793876B-9E64-4817-B84A-1E0A5A8424D1}.Debug|Any CPU.ActiveCfg = Debug|Any CPU
		{6793876B-9E64-4817-B84A-1E0A5A8424D1}.Debug|Any CPU.Build.0 = Debug|Any CPU
		{6793876B-9E64-4817-B84A-1E0A5A8424D1}.Release|Any CPU.ActiveCfg = Release|Any CPU
		{6793876B-9E64-4817-B84A-1E0A5A8424D1}.Release|Any CPU.Build.0 = Release|Any CPU
	EndGlobalSection
	GlobalSection(SolutionProperties) = preSolution
		HideSolutionNode = FALSE
	EndGlobalSection
EndGlobal
